
Microsoft Visual Studio Solution File, Format Version 12.00
# Visual Studio 14
VisualStudioVersion = 14.0.24720.0
MinimumVisualStudioVersion = 10.0.40219.1
Project("{FAE04EC0-301F-11D3-BF4B-00C04F79EFBC}") = "TheDoorAdventure.Web", "TheDoorAdventure.Web\TheDoorAdventure.Web.csproj", "{BDDCC980-0655-413C-A475-1B1D89333608}"
EndProject
Project("{FAE04EC0-301F-11D3-BF4B-00C04F79EFBC}") = "TheDoorAdventure.Model", "TheDoorAdventure.Model\TheDoorAdventure.Model.csproj", "{2A843840-DDF1-4AC3-A62E-F713497218D7}"
EndProject
Project("{FAE04EC0-301F-11D3-BF4B-00C04F79EFBC}") = "TheDoorAdventure.BusinessServices", "TheDoorAdventure.BusinessServices\TheDoorAdventure.BusinessServices.csproj", "{207A8953-27D4-45D1-A65C-DE3D01729624}"
EndProject
Project("{FAE04EC0-301F-11D3-BF4B-00C04F79EFBC}") = "TheDoorAdventure.Dao", "TheDoorAdventure.Dao\TheDoorAdventure.Dao.csproj", "{060CD159-4403-432D-B7D2-EE9F445D5549}"
EndProject
Global
	GlobalSection(SolutionConfigurationPlatforms) = preSolution
		Debug|Any CPU = Debug|Any CPU
		Release|Any CPU = Release|Any CPU
	EndGlobalSection
	GlobalSection(ProjectConfigurationPlatforms) = postSolution
		{BDDCC980-0655-413C-A475-1B1D89333608}.Debug|Any CPU.ActiveCfg = Debug|Any CPU
		{BDDCC980-0655-413C-A475-1B1D89333608}.Debug|Any CPU.Build.0 = Debug|Any CPU
		{BDDCC980-0655-413C-A475-1B1D89333608}.Release|Any CPU.ActiveCfg = Release|Any CPU
		{BDDCC980-0655-413C-A475-1B1D89333608}.Release|Any CPU.Build.0 = Release|Any CPU
		{2A843840-DDF1-4AC3-A62E-F713497218D7}.Debug|Any CPU.ActiveCfg = Debug|Any CPU
		{2A843840-DDF1-4AC3-A62E-F713497218D7}.Debug|Any CPU.Build.0 = Debug|Any CPU
		{2A843840-DDF1-4AC3-A62E-F713497218D7}.Release|Any CPU.ActiveCfg = Release|Any CPU
		{2A843840-DDF1-4AC3-A62E-F713497218D7}.Release|Any CPU.Build.0 = Release|Any CPU
		{207A8953-27D4-45D1-A65C-DE3D01729624}.Debug|Any CPU.ActiveCfg = Debug|Any CPU
		{207A8953-27D4-45D1-A65C-DE3D01729624}.Debug|Any CPU.Build.0 = Debug|Any CPU
		{207A8953-27D4-45D1-A65C-DE3D01729624}.Release|Any CPU.ActiveCfg = Release|Any CPU
		{207A8953-27D4-45D1-A65C-DE3D01729624}.Release|Any CPU.Build.0 = Release|Any CPU
		{060CD159-4403-432D-B7D2-EE9F445D5549}.Debug|Any CPU.ActiveCfg = Debug|Any CPU
		{060CD159-4403-432D-B7D2-EE9F445D5549}.Debug|Any CPU.Build.0 = Debug|Any CPU
		{060CD159-4403-432D-B7D2-EE9F445D5549}.Release|Any CPU.ActiveCfg = Release|Any CPU
		{060CD159-4403-432D-B7D2-EE9F445D5549}.Release|Any CPU.Build.0 = Release|Any CPU
	EndGlobalSection
	GlobalSection(SolutionProperties) = preSolution
		HideSolutionNode = FALSE
	EndGlobalSection
EndGlobal
